
Microsoft Visual Studio Solution File, Format Version 12.00
# Visual Studio 15
VisualStudioVersion = 15.0.27130.0
MinimumVisualStudioVersion = 10.0.40219.1
Project("{FAE04EC0-301F-11D3-BF4B-00C04F79EFBC}") = "VjoyServer", "VjoyServer\VjoyServer.csproj", "{3FAD89C2-6744-4C7B-AA59-92506A37AFE1}"
EndProject
Global
	GlobalSection(SolutionConfigurationPlatforms) = preSolution
		Debug|Any CPU = Debug|Any CPU
		Release|Any CPU = Release|Any CPU
	EndGlobalSection
	GlobalSection(ProjectConfigurationPlatforms) = postSolution
		{3FAD89C2-6744-4C7B-AA59-92506A37AFE1}.Debug|Any CPU.ActiveCfg = Debug|Any CPU
		{3FAD89C2-6744-4C7B-AA59-92506A37AFE1}.Debug|Any CPU.Build.0 = Debug|Any CPU
		{3FAD89C2-6744-4C7B-AA59-92506A37AFE1}.Release|Any CPU.ActiveCfg = Release|Any CPU
		{3FAD89C2-6744-4C7B-AA59-92506A37AFE1}.Release|Any CPU.Build.0 = Release|Any CPU
	EndGlobalSection
	GlobalSection(SolutionProperties) = preSolution
		HideSolutionNode = FALSE
	EndGlobalSection
	GlobalSection(ExtensibilityGlobals) = postSolution
		SolutionGuid = {708D5CC2-D99A-417F-BDEF-F44C2ABEABC9}
	EndGlobalSection
EndGlobal
